
Microsoft Visual Studio Solution File, Format Version 12.00
# Visual Studio Version 16
VisualStudioVersion = 16.0.33927.289
MinimumVisualStudioVersion = 10.0.40219.1
Project("{FAE04EC0-301F-11D3-BF4B-00C04F79EFBC}") = "laba_1", "laba_1\laba_1.csproj", "{43F9F5B1-96A4-4E8D-9E5A-C1DA76461B13}"
EndProject
Project("{FAE04EC0-301F-11D3-BF4B-00C04F79EFBC}") = "labs_1.2", "labs_1.2\labs_1.2.csproj", "{2A2849BD-33C2-4482-BFF2-F16EEDFEED7F}"
EndProject
Project("{FAE04EC0-301F-11D3-BF4B-00C04F79EFBC}") = "labs_1.3", "labs_1.3\labs_1.3.csproj", "{E5542389-18A2-4DD3-9286-F371179C47A4}"
EndProject
Global
	GlobalSection(SolutionConfigurationPlatforms) = preSolution
		Debug|Any CPU = Debug|Any CPU
		Release|Any CPU = Release|Any CPU
	EndGlobalSection
	GlobalSection(ProjectConfigurationPlatforms) = postSolution
		{43F9F5B1-96A4-4E8D-9E5A-C1DA76461B13}.Debug|Any CPU.ActiveCfg = Debug|Any CPU
		{43F9F5B1-96A4-4E8D-9E5A-C1DA76461B13}.Debug|Any CPU.Build.0 = Debug|Any CPU
		{43F9F5B1-96A4-4E8D-9E5A-C1DA76461B13}.Release|Any CPU.ActiveCfg = Release|Any CPU
		{43F9F5B1-96A4-4E8D-9E5A-C1DA76461B13}.Release|Any CPU.Build.0 = Release|Any CPU
		{2A2849BD-33C2-4482-BFF2-F16EEDFEED7F}.Debug|Any CPU.ActiveCfg = Debug|Any CPU
		{2A2849BD-33C2-4482-BFF2-F16EEDFEED7F}.Debug|Any CPU.Build.0 = Debug|Any CPU
		{2A2849BD-33C2-4482-BFF2-F16EEDFEED7F}.Release|Any CPU.ActiveCfg = Release|Any CPU
		{2A2849BD-33C2-4482-BFF2-F16EEDFEED7F}.Release|Any CPU.Build.0 = Release|Any CPU
		{E5542389-18A2-4DD3-9286-F371179C47A4}.Debug|Any CPU.ActiveCfg = Debug|Any CPU
		{E5542389-18A2-4DD3-9286-F371179C47A4}.Debug|Any CPU.Build.0 = Debug|Any CPU
		{E5542389-18A2-4DD3-9286-F371179C47A4}.Release|Any CPU.ActiveCfg = Release|Any CPU
		{E5542389-18A2-4DD3-9286-F371179C47A4}.Release|Any CPU.Build.0 = Release|Any CPU
	EndGlobalSection
	GlobalSection(SolutionProperties) = preSolution
		HideSolutionNode = FALSE
	EndGlobalSection
	GlobalSection(ExtensibilityGlobals) = postSolution
		SolutionGuid = {B690AC6F-5B14-48F9-9DBF-5013D2B77028}
	EndGlobalSection
EndGlobal
